<?xml version="1.0" encoding="UTF-8" standalone="yes" ?>
<CodeBlocks_project_file>
	<FileVersion major="1" minor="6" />
	<Project>
		<Option title="ups" />
		<Option pch_mode="2" />
		<Option compiler="gcc" />
		<Build>
			<Target title="Release">
				<Option output="bin/Release/ups" prefix_auto="1" extension_auto="1" />
				<Option object_output="obj/Release/" />
				<Option type="0" />
				<Option compiler="gcc" />
				<Option projectLinkerOptionsRelation="2" />
				<Compiler>
					<Add option="-O2" />
					<Add directory="C:/wxWidgets-3.0.5/lib/gcc_lib/mswu" />
				</Compiler>
				<ResourceCompiler>
					<Add directory="C:/wxWidgets-3.0.5/lib/gcc_lib/mswu" />
				</ResourceCompiler>
				<Linker>
					<Add option="-s" />
					<Add library="libwxmsw30u.a" />
					<Add library="libwxpng.a" />
					<Add library="libwxjpeg.a" />
					<Add library="libwxtiff.a" />
					<Add library="libwxzlib.a" />
					<Add directory="C:/wxWidgets-3.0.5/lib/gcc_lib" />
				</Linker>
			</Target>
			<Target title="Debug">
				<Option output="bin/Debug/ups" prefix_auto="1" extension_auto="1" />
				<Option object_output="obj/Debug/" />
				<Option type="1" />
				<Option compiler="gcc" />
				<Option use_console_runner="0" />
			</Target>
		</Build>
		<Compiler>
			<Add option="-pipe" />
			<Add option="-mthreads" />
			<Add option="-D__GNUWIN32__" />
			<Add option="-D__WXMSW__" />
			<Add option="-DwxUSE_UNICODE" />
			<Add option="-Wall" />
			<Add directory="C:/wxWidgets-3.0.5/include" />
		</Compiler>
		<ResourceCompiler>
			<Add directory="C:/wxWidgets-3.0.5/include" />
		</ResourceCompiler>
		<Linker>
			<Add option="-mthreads" />
			<Add library="libkernel32.a" />
			<Add library="libuser32.a" />
			<Add library="libgdi32.a" />
			<Add library="libwinspool.a" />
			<Add library="libcomdlg32.a" />
			<Add library="libadvapi32.a" />
			<Add library="libshell32.a" />
			<Add library="libole32.a" />
			<Add library="liboleaut32.a" />
			<Add library="libuuid.a" />
			<Add library="libcomctl32.a" />
			<Add library="libwsock32.a" />
			<Add library="libodbc32.a" />
		</Linker>
		<Unit filename="Cwiczenia.cpp" />
		<Unit filename="Cwiczenia.h" />
		<Unit filename="DodajNoweCwiczenie.cpp" />
		<Unit filename="DodajNoweCwiczenie.h" />
		<Unit filename="DodajPosilek.cpp" />
		<Unit filename="DodajPosilek.h" />
		<Unit filename="DodajSpozytyPosilek.cpp" />
		<Unit filename="DodajSpozytyPosilek.h" />
		<Unit filename="DodajWykonaneCwiczenie.cpp" />
		<Unit filename="DodajWykonaneCwiczenie.h" />
		<Unit filename="Dzien.cpp" />
		<Unit filename="Dzien.h" />
		<Unit filename="WprowadzDane.cpp" />
		<Unit filename="WprowadzDane.h" />
		<Unit filename="ZmienDzienDialog.cpp" />
		<Unit filename="ZmienDzienDialog.h" />
		<Unit filename="baza_cwiczenia.cpp" />
		<Unit filename="baza_cwiczenia.h" />
		<Unit filename="posilek.cpp" />
		<Unit filename="posilek.h" />
		<Unit filename="resource.rc">
			<Option compilerVar="WINDRES" />
		</Unit>
		<Unit filename="upsApp.cpp" />
		<Unit filename="upsApp.h" />
		<Unit filename="upsMain.cpp" />
		<Unit filename="upsMain.h" />
		<Unit filename="uzytkownik.cpp" />
		<Unit filename="uzytkownik.h" />
		<Unit filename="wxsmith/Cwiczenia.wxs" />
		<Unit filename="wxsmith/DodajNoweCwiczenie.wxs" />
		<Unit filename="wxsmith/DodajPosilek.wxs" />
		<Unit filename="wxsmith/DodajSpozytyPosilek.wxs" />
		<Unit filename="wxsmith/DodajWykonaneCwiczenie.wxs" />
		<Unit filename="wxsmith/WprowadzDane.wxs" />
		<Unit filename="wxsmith/ZmienDzienDialog.wxs" />
		<Unit filename="wxsmith/upsframe.wxs" />
		<Extensions>
			<wxsmith version="1">
				<gui name="wxWidgets" src="upsApp.cpp" main="upsFrame" init_handlers="necessary" language="CPP" />
				<resources>
					<wxFrame wxs="wxsmith/upsframe.wxs" src="upsMain.cpp" hdr="upsMain.h" fwddecl="0" i18n="1" name="upsFrame" language="CPP" />
					<wxDialog wxs="wxsmith/WprowadzDane.wxs" src="WprowadzDane.cpp" hdr="WprowadzDane.h" fwddecl="0" i18n="1" name="WprowadzDane" language="CPP" />
					<wxFrame wxs="wxsmith/Cwiczenia.wxs" src="Cwiczenia.cpp" hdr="Cwiczenia.h" fwddecl="0" i18n="1" name="Cwiczenia" language="CPP" />
					<wxDialog wxs="wxsmith/DodajNoweCwiczenie.wxs" src="DodajNoweCwiczenie.cpp" hdr="DodajNoweCwiczenie.h" fwddecl="0" i18n="1" name="DodajNoweCwiczenie" language="CPP" />
					<wxDialog wxs="wxsmith/DodajWykonaneCwiczenie.wxs" src="DodajWykonaneCwiczenie.cpp" hdr="DodajWykonaneCwiczenie.h" fwddecl="0" i18n="1" name="DodajWykonaneCwiczenie" language="CPP" />
					<wxDialog wxs="wxsmith/DodajPosilek.wxs" src="DodajPosilek.cpp" hdr="DodajPosilek.h" fwddecl="0" i18n="1" name="DodajPosilek" language="CPP" />
					<wxDialog wxs="wxsmith/DodajSpozytyPosilek.wxs" src="DodajSpozytyPosilek.cpp" hdr="DodajSpozytyPosilek.h" fwddecl="0" i18n="1" name="DodajSpozytyPosilek" language="CPP" />
					<wxDialog wxs="wxsmith/ZmienDzienDialog.wxs" src="ZmienDzienDialog.cpp" hdr="ZmienDzienDialog.h" fwddecl="0" i18n="1" name="ZmienDzienDialog" language="CPP" />
				</resources>
			</wxsmith>
		</Extensions>
	</Project>
</CodeBlocks_project_file>
